
Microsoft Visual Studio Solution File, Format Version 12.00
# Visual Studio Version 17
VisualStudioVersion = 17.11.35303.130
MinimumVisualStudioVersion = 10.0.40219.1
Project("{FAE04EC0-301F-11D3-BF4B-00C04F79EFBC}") = "EleCho.Yaml", "EleCho.Yaml\EleCho.Yaml.csproj", "{714CDE9A-67E2-4BF0-A051-119A88FA758A}"
EndProject
Project("{FAE04EC0-301F-11D3-BF4B-00C04F79EFBC}") = "TestConsole", "TestConsole\TestConsole.csproj", "{29ED21E5-B7F8-4D27-9175-1A2F7BF3249D}"
EndProject
Global
	GlobalSection(SolutionConfigurationPlatforms) = preSolution
		Debug|Any CPU = Debug|Any CPU
		Release|Any CPU = Release|Any CPU
	EndGlobalSection
	GlobalSection(ProjectConfigurationPlatforms) = postSolution
		{714CDE9A-67E2-4BF0-A051-119A88FA758A}.Debug|Any CPU.ActiveCfg = Debug|Any CPU
		{714CDE9A-67E2-4BF0-A051-119A88FA758A}.Debug|Any CPU.Build.0 = Debug|Any CPU
		{714CDE9A-67E2-4BF0-A051-119A88FA758A}.Release|Any CPU.ActiveCfg = Release|Any CPU
		{714CDE9A-67E2-4BF0-A051-119A88FA758A}.Release|Any CPU.Build.0 = Release|Any CPU
		{29ED21E5-B7F8-4D27-9175-1A2F7BF3249D}.Debug|Any CPU.ActiveCfg = Debug|Any CPU
		{29ED21E5-B7F8-4D27-9175-1A2F7BF3249D}.Debug|Any CPU.Build.0 = Debug|Any CPU
		{29ED21E5-B7F8-4D27-9175-1A2F7BF3249D}.Release|Any CPU.ActiveCfg = Release|Any CPU
		{29ED21E5-B7F8-4D27-9175-1A2F7BF3249D}.Release|Any CPU.Build.0 = Release|Any CPU
	EndGlobalSection
	GlobalSection(SolutionProperties) = preSolution
		HideSolutionNode = FALSE
	EndGlobalSection
	GlobalSection(ExtensibilityGlobals) = postSolution
		SolutionGuid = {BFF6E693-6DA4-4940-A728-A3DBF3FEC436}
	EndGlobalSection
EndGlobal
